
Microsoft Visual Studio Solution File, Format Version 12.00
# Visual Studio Version 17
VisualStudioVersion = 17.9.34723.18
MinimumVisualStudioVersion = 10.0.40219.1
Project("{FAE04EC0-301F-11D3-BF4B-00C04F79EFBC}") = "MultiTenantJwtBearer", "MultiTenantJwtBearer\MultiTenantJwtBearer.csproj", "{3E33E69A-69EF-4EC9-8A69-36677076AA31}"
EndProject
Global
	GlobalSection(SolutionConfigurationPlatforms) = preSolution
		Debug|Any CPU = Debug|Any CPU
		Release|Any CPU = Release|Any CPU
	EndGlobalSection
	GlobalSection(ProjectConfigurationPlatforms) = postSolution
		{3E33E69A-69EF-4EC9-8A69-36677076AA31}.Debug|Any CPU.ActiveCfg = Debug|Any CPU
		{3E33E69A-69EF-4EC9-8A69-36677076AA31}.Debug|Any CPU.Build.0 = Debug|Any CPU
		{3E33E69A-69EF-4EC9-8A69-36677076AA31}.Release|Any CPU.ActiveCfg = Release|Any CPU
		{3E33E69A-69EF-4EC9-8A69-36677076AA31}.Release|Any CPU.Build.0 = Release|Any CPU
	EndGlobalSection
	GlobalSection(SolutionProperties) = preSolution
		HideSolutionNode = FALSE
	EndGlobalSection
	GlobalSection(ExtensibilityGlobals) = postSolution
		SolutionGuid = {681DA1F6-0B07-432D-A6E5-29ACF59EA654}
	EndGlobalSection
EndGlobal
